// !$*UTF8*$!
{
	archiveVersion = 1;
	classes = {
	};
	objectVersion = 46;
	objects = {

/* Begin PBXBuildFile section */
		FFEE3B221DA64C7F00DC81D8 /* main.m in Sources */ = {isa = PBXBuildFile; fileRef = FFEE3B211DA64C7F00DC81D8 /* main.m */; };
/* End PBXBuildFile section */

/* Begin PBXCopyFilesBuildPhase section */
		FFEE3B1C1DA64C7F00DC81D8 /* Copy Files */ = {
			isa = PBXCopyFilesBuildPhase;
			buildActionMask = 12;
			dstPath = "";
			dstSubfolderSpec = 7;
			files = (
			);
			name = "Copy Files";
			runOnlyForDeploymentPostprocessing = 0;
		};
/* End PBXCopyFilesBuildPhase section */

/* Begin PBXFileReference section */
		FFE63C851DAC32E300D53D2E /* main.h */ = {isa = PBXFileReference; lastKnownFileType = sourcecode.c.h; path = main.h; sourceTree = "<group>"; };
		FFEE3B1E1DA64C7F00DC81D8 /* cursorPosition */ = {isa = PBXFileReference; explicitFileType = "compiled.mach-o.executable"; includeInIndex = 0; path = cursorPosition; sourceTree = BUILT_PRODUCTS_DIR; };
		FFEE3B211DA64C7F00DC81D8 /* main.m */ = {isa = PBXFileReference; lastKnownFileType = sourcecode.c.objc; path = main.m; sourceTree = "<group>"; };
/* End PBXFileReference section */

/* Begin PBXFrameworksBuildPhase section */
		FFEE3B1B1DA64C7F00DC81D8 /* Frameworks */ = {
			isa = PBXFrameworksBuildPhase;
			buildActionMask = 2147483647;
			files = (
			);
			runOnlyForDeploymentPostprocessing = 0;
		};
/* End PBXFrameworksBuildPhase section */

/* Begin PBXGroup section */
		FFEE3B151DA64C7F00DC81D8 = {
			isa = PBXGroup;
			children = (
				FFEE3B201DA64C7F00DC81D8 /* cursorPosition */,
				FFEE3B1F1DA64C7F00DC81D8 /* Products */,
			);
			sourceTree = "<group>";
		};
		FFEE3B1F1DA64C7F00DC81D8 /* Products */ = {
			isa = PBXGroup;
			children = (
				FFEE3B1E1DA64C7F00DC81D8 /* cursorPosition */,
			);
			name = Products;
			sourceTree = "<group>";
		};
		FFEE3B201DA64C7F00DC81D8 /* cursorPosition */ = {
			isa = PBXGroup;
			children = (
				FFEE3B211DA64C7F00DC81D8 /* main.m */,
				FFE63C851DAC32E300D53D2E /* main.h */,
			);
			path = cursorPosition;
			sourceTree = "<group>";
		};
/* End PBXGroup section */

/* Begin PBXNativeTarget section */
		FFEE3B1D1DA64C7F00DC81D8 /* cursorPosition */ = {
			isa = PBXNativeTarget;
			buildConfigurationList = FFEE3B251DA64C7F00DC81D8 /* Build configuration list for PBXNativeTarget "cursorPosition" */;
			buildPhases = (
				FFEE3B1A1DA64C7F00DC81D8 /* Sources */,
				FFEE3B1B1DA64C7F00DC81D8 /* Frameworks */,
				FFEE3B1C1DA64C7F00DC81D8 /* Copy Files */,
			);
			buildRules = (
			);
			dependencies = (
			);
			name = cursorPosition;
			productName = cursorPosition;
			productReference = FFEE3B1E1DA64C7F00DC81D8 /* cursorPosition */;
			productType = "com.apple.product-type.tool";
		};
/* End PBXNativeTarget section */

/* Begin PBXProject section */
		FFEE3B161DA64C7F00DC81D8 /* Project object */ = {
			isa = PBXProject;
			attributes = {
				LastUpgradeCheck = 0720;
				ORGANIZATIONNAME = "Tomas Vega";
				TargetAttributes = {
					FFEE3B1D1DA64C7F00DC81D8 = {
						CreatedOnToolsVersion = 7.2.1;
					};
				};
			};
			buildConfigurationList = FFEE3B191DA64C7F00DC81D8 /* Build configuration list for PBXProject "cursorPosition" */;
			compatibilityVersion = "Xcode 3.2";
			developmentRegion = English;
			hasScannedForEncodings = 0;
			knownRegions = (
				en,
			);
			mainGroup = FFEE3B151DA64C7F00DC81D8;
			productRefGroup = FFEE3B1F1DA64C7F00DC81D8 /* Products */;
			projectDirPath = "";
			projectRoot = "";
			targets = (
				FFEE3B1D1DA64C7F00DC81D8 /* cursorPosition */,
			);
		};
/* End PBXProject section */

/* Begin PBXSourcesBuildPhase section */
		FFEE3B1A1DA64C7F00DC81D8 /* Sources */ = {
			isa = PBXSourcesBuildPhase;
			buildActionMask = 2147483647;
			files = (
				FFEE3B221DA64C7F00DC81D8 /* main.m in Sources */,
			);
			runOnlyForDeploymentPostprocessing = 0;
		};
/* End PBXSourcesBuildPhase section */

/* Begin XCBuildConfiguration section */
		FFEE3B231DA64C7F00DC81D8 /* Debug */ = {
			isa = XCBuildConfiguration;
			buildSettings = {
				ALWAYS_SEARCH_USER_PATHS = NO;
				CLANG_CXX_LANGUAGE_STANDARD = "gnu++0x";
				CLANG_CXX_LIBRARY = "libc++";
				CLANG_ENABLE_MODULES = YES;
				CLANG_ENABLE_OBJC_ARC = YES;
				CLANG_WARN_BOOL_CONVERSION = YES;
				CLANG_WARN_CONSTANT_CONVERSION = YES;
				CLANG_WARN_DIRECT_OBJC_ISA_USAGE = YES_ERROR;
				CLANG_WARN_EMPTY_BODY = YES;
				CLANG_WARN_ENUM_CONVERSION = YES;
				CLANG_WARN_INT_CONVERSION = YES;
				CLANG_WARN_OBJC_ROOT_CLASS = YES_ERROR;
				CLANG_WARN_UNREACHABLE_CODE = YES;
				CLANG_WARN__DUPLICATE_METHOD_MATCH = YES;
				CODE_SIGN_IDENTITY = "-";
				COPY_PHASE_STRIP = NO;
				DEBUG_INFORMATION_FORMAT = dwarf;
				ENABLE_STRICT_OBJC_MSGSEND = YES;
				ENABLE_TESTABILITY = YES;
				GCC_C_LANGUAGE_STANDARD = gnu99;
				GCC_DYNAMIC_NO_PIC = NO;
				GCC_NO_COMMON_BLOCKS = YES;
				GCC_OPTIMIZATION_LEVEL = 0;
				GCC_PREPROCESSOR_DEFINITIONS = (
					"DEBUG=1",
					"$(inherited)",
				);
				GCC_WARN_64_TO_32_BIT_CONVERSION = YES;
				GCC_WARN_ABOUT_RETURN_TYPE = YES_ERROR;
				GCC_WARN_UNDECLARED_SELECTOR = YES;
				GCC_WARN_UNINITIALIZED_AUTOS = YES_AGGRESSIVE;
				GCC_WARN_UNUSED_FUNCTION = YES;
				GCC_WARN_UNUSED_VARIABLE = YES;
				MACOSX_DEPLOYMENT_TARGET = 10.10;
				MTL_ENABLE_DEBUG_INFO = YES;
				ONLY_ACTIVE_ARCH = YES;
				SDKROOT = macosx;
			};
			name = Debug;
		};
		FFEE3B241DA64C7F00DC81D8 /* Release */ = {
			isa = XCBuildConfiguration;
			buildSettings = {
				ALWAYS_SEARCH_USER_PATHS = NO;
				CLANG_CXX_LANGUAGE_STANDARD = "gnu++0x";
				CLANG_CXX_LIBRARY = "libc++";
				CLANG_ENABLE_MODULES = YES;
				CLANG_ENABLE_OBJC_ARC = YES;
				CLANG_WARN_BOOL_CONVERSION = YES;
				CLANG_WARN_CONSTANT_CONVERSION = YES;
				CLANG_WARN_DIRECT_OBJC_ISA_USAGE = YES_ERROR;
				CLANG_WARN_EMPTY_BODY = YES;
				CLANG_WARN_ENUM_CONVERSION = YES;
				CLANG_WARN_INT_CONVERSION = YES;
				CLANG_WARN_OBJC_ROOT_CLASS = YES_ERROR;
				CLANG_WARN_UNREACHABLE_CODE = YES;
				CLANG_WARN__DUPLICATE_METHOD_MATCH = YES;
				CODE_SIGN_IDENTITY = "-";
				COPY_PHASE_STRIP = NO;
				DEBUG_INFORMATION_FORMAT = "dwarf-with-dsym";
				ENABLE_NS_ASSERTIONS = NO;
				ENABLE_STRICT_OBJC_MSGSEND = YES;
				GCC_C_LANGUAGE_STANDARD = gnu99;
				GCC_NO_COMMON_BLOCKS = YES;
				GCC_WARN_64_TO_32_BIT_CONVERSION = YES;
				GCC_WARN_ABOUT_RETURN_TYPE = YES_ERROR;
				GCC_WARN_UNDECLARED_SELECTOR = YES;
				GCC_WARN_UNINITIALIZED_AUTOS = YES_AGGRESSIVE;
				GCC_WARN_UNUSED_FUNCTION = YES;
				GCC_WARN_UNUSED_VARIABLE = YES;
				MACOSX_DEPLOYMENT_TARGET = 10.10;
				MTL_ENABLE_DEBUG_INFO = NO;
				SDKROOT = macosx;
			};
			name = Release;
		};
		FFEE3B261DA64C7F00DC81D8 /* Debug */ = {
			isa = XCBuildConfiguration;
			buildSettings = {
				PRODUCT_NAME = "$(TARGET_NAME)";
			};
			name = Debug;
		};
		FFEE3B271DA64C7F00DC81D8 /* Release */ = {
			isa = XCBuildConfiguration;
			buildSettings = {
				PRODUCT_NAME = "$(TARGET_NAME)";
			};
			name = Release;
		};
/* End XCBuildConfiguration section */

/* Begin XCConfigurationList section */
		FFEE3B191DA64C7F00DC81D8 /* Build configuration list for PBXProject "cursorPosition" */ = {
			isa = XCConfigurationList;
			buildConfigurations = (
				FFEE3B231DA64C7F00DC81D8 /* Debug */,
				FFEE3B241DA64C7F00DC81D8 /* Release */,
			);
			defaultConfigurationIsVisible = 0;
			defaultConfigurationName = Release;
		};
		FFEE3B251DA64C7F00DC81D8 /* Build configuration list for PBXNativeTarget "cursorPosition" */ = {
			isa = XCConfigurationList;
			buildConfigurations = (
				FFEE3B261DA64C7F00DC81D8 /* Debug */,
				FFEE3B271DA64C7F00DC81D8 /* Release */,
			);
			defaultConfigurationIsVisible = 0;
			defaultConfigurationName = Release;
		};
/* End XCConfigurationList section */
	};
	rootObject = FFEE3B161DA64C7F00DC81D8 /* Project object */;
}
